
Microsoft Visual Studio Solution File, Format Version 12.00
# Visual Studio Version 17
VisualStudioVersion = 17.8.34309.116
MinimumVisualStudioVersion = 10.0.40219.1
Project("{FAE04EC0-301F-11D3-BF4B-00C04F79EFBC}") = "BlazorApp1", "BlazorApp1\BlazorApp1.csproj", "{4CAC12B3-6F98-460A-863F-921FD6BB249E}"
EndProject
Global
	GlobalSection(SolutionConfigurationPlatforms) = preSolution
		Debug|Any CPU = Debug|Any CPU
		Release|Any CPU = Release|Any CPU
	EndGlobalSection
	GlobalSection(ProjectConfigurationPlatforms) = postSolution
		{4CAC12B3-6F98-460A-863F-921FD6BB249E}.Debug|Any CPU.ActiveCfg = Debug|Any CPU
		{4CAC12B3-6F98-460A-863F-921FD6BB249E}.Debug|Any CPU.Build.0 = Debug|Any CPU
		{4CAC12B3-6F98-460A-863F-921FD6BB249E}.Release|Any CPU.ActiveCfg = Release|Any CPU
		{4CAC12B3-6F98-460A-863F-921FD6BB249E}.Release|Any CPU.Build.0 = Release|Any CPU
	EndGlobalSection
	GlobalSection(SolutionProperties) = preSolution
		HideSolutionNode = FALSE
	EndGlobalSection
	GlobalSection(ExtensibilityGlobals) = postSolution
		SolutionGuid = {38B72F6F-D955-4164-BF53-392F9AA878C0}
	EndGlobalSection
EndGlobal
